
Microsoft Visual Studio Solution File, Format Version 12.00
# Visual Studio 15
Project("{FAE04EC0-301F-11D3-BF4B-00C04F79EFBC}") = "Notelyy", "Notelyy\Notelyy.csproj", "{0518ED5C-5BD2-4690-B204-2447C8D88ABE}"
EndProject
Global
	GlobalSection(SolutionConfigurationPlatforms) = preSolution
		Debug|Any CPU = Debug|Any CPU
		Release|Any CPU = Release|Any CPU
	EndGlobalSection
	GlobalSection(ProjectConfigurationPlatforms) = postSolution
		{0518ED5C-5BD2-4690-B204-2447C8D88ABE}.Debug|Any CPU.ActiveCfg = Debug|Any CPU
		{0518ED5C-5BD2-4690-B204-2447C8D88ABE}.Debug|Any CPU.Build.0 = Debug|Any CPU
		{0518ED5C-5BD2-4690-B204-2447C8D88ABE}.Release|Any CPU.ActiveCfg = Release|Any CPU
		{0518ED5C-5BD2-4690-B204-2447C8D88ABE}.Release|Any CPU.Build.0 = Release|Any CPU
	EndGlobalSection
EndGlobal
